
Microsoft Visual Studio Solution File, Format Version 12.00
# Visual Studio 15
VisualStudioVersion = 15.0.28010.0
MinimumVisualStudioVersion = 10.0.40219.1
Project("{FAE04EC0-301F-11D3-BF4B-00C04F79EFBC}") = "realstate", "realstate\realstate.csproj", "{96D69A05-63D6-4893-9CD5-A5EAB55D90B6}"
EndProject
Project("{54435603-DBB4-11D2-8724-00A0C9A8B90C}") = "Arvand", "C:\Users\merioli\Desktop\publish\Arvand\Arvand\Arvand.vdproj", "{7DF37175-0B2D-462D-B2A9-7211CF8F444A}"
EndProject
Global
	GlobalSection(SolutionConfigurationPlatforms) = preSolution
		Debug|Any CPU = Debug|Any CPU
		Release|Any CPU = Release|Any CPU
	EndGlobalSection
	GlobalSection(ProjectConfigurationPlatforms) = postSolution
		{96D69A05-63D6-4893-9CD5-A5EAB55D90B6}.Debug|Any CPU.ActiveCfg = Debug|Any CPU
		{96D69A05-63D6-4893-9CD5-A5EAB55D90B6}.Debug|Any CPU.Build.0 = Debug|Any CPU
		{96D69A05-63D6-4893-9CD5-A5EAB55D90B6}.Release|Any CPU.ActiveCfg = Release|Any CPU
		{96D69A05-63D6-4893-9CD5-A5EAB55D90B6}.Release|Any CPU.Build.0 = Release|Any CPU
		{7DF37175-0B2D-462D-B2A9-7211CF8F444A}.Debug|Any CPU.ActiveCfg = Debug
		{7DF37175-0B2D-462D-B2A9-7211CF8F444A}.Release|Any CPU.ActiveCfg = Release
	EndGlobalSection
	GlobalSection(SolutionProperties) = preSolution
		HideSolutionNode = FALSE
	EndGlobalSection
	GlobalSection(ExtensibilityGlobals) = postSolution
		SolutionGuid = {0A764E11-F9E7-4C43-BF42-56EE23386FE1}
	EndGlobalSection
EndGlobal
